
Microsoft Visual Studio Solution File, Format Version 12.00
# Visual Studio 14
VisualStudioVersion = 14.0.25123.0
MinimumVisualStudioVersion = 10.0.40219.1
Project("{FAE04EC0-301F-11D3-BF4B-00C04F79EFBC}") = "Akka.Tdd.AutoFac", "Akka.Tdd.AutoFac.csproj", "{D70DCC81-0F2F-49FF-92B1-9893016E8DBF}"
EndProject
Global
	GlobalSection(SolutionConfigurationPlatforms) = preSolution
		Debug|Any CPU = Debug|Any CPU
		Release|Any CPU = Release|Any CPU
	EndGlobalSection
	GlobalSection(ProjectConfigurationPlatforms) = postSolution
		{D70DCC81-0F2F-49FF-92B1-9893016E8DBF}.Debug|Any CPU.ActiveCfg = Debug|Any CPU
		{D70DCC81-0F2F-49FF-92B1-9893016E8DBF}.Debug|Any CPU.Build.0 = Debug|Any CPU
		{D70DCC81-0F2F-49FF-92B1-9893016E8DBF}.Release|Any CPU.ActiveCfg = Release|Any CPU
		{D70DCC81-0F2F-49FF-92B1-9893016E8DBF}.Release|Any CPU.Build.0 = Release|Any CPU
	EndGlobalSection
	GlobalSection(SolutionProperties) = preSolution
		HideSolutionNode = FALSE
	EndGlobalSection
EndGlobal
